{
  "name": "turbo-ci",
  "version": "1.0.0",
  "lockfileVersion": 3,
  "requires": true,
  "packages": {
    "": {
      "name": "turbo-ci",
      "version": "1.0.0",
      "license": "ISC",
      "dependencies": {
        "emulators": "^8.5.2"
      }
    },
    "node_modules/emulators": {
      "version": "8.5.2",
      "resolved": "https://registry.npmjs.org/emulators/-/emulators-8.5.2.tgz",
      "integrity": "sha512-XW+1SsuYd/egY1EmuOpq6k9kUqrGyoaN8o1sqkVvDJRFWy4lrCqst3of6TBZj1m//4aU/ZSt5VbqQBcRl+Uk1Q==",
      "license": "GPL-2.0"
    }
  }
}
